
Microsoft Visual Studio Solution File, Format Version 12.00
# Visual Studio 15
VisualStudioVersion = 15.0.27130.2036
MinimumVisualStudioVersion = 10.0.40219.1
Project("{FAE04EC0-301F-11D3-BF4B-00C04F79EFBC}") = "Filter", "Filter\Filter.csproj", "{F3B7A593-608D-4C05-A640-96183213DCBC}"
EndProject
Project("{FAE04EC0-301F-11D3-BF4B-00C04F79EFBC}") = "FilterWF", "FilterWF\FilterWF.csproj", "{06B5A7F3-DE78-4698-A401-333ABCA92D8C}"
EndProject
Project("{FAE04EC0-301F-11D3-BF4B-00C04F79EFBC}") = "FilterCls", "FilterCls\FilterCls.csproj", "{9C22E0D9-0D79-44D3-9C74-05C38BDE546F}"
EndProject
Project("{FAE04EC0-301F-11D3-BF4B-00C04F79EFBC}") = "RunBatch", "RunBatch\RunBatch.csproj", "{B283263C-9E5E-4F05-9519-A0B54B742116}"
EndProject
Global
	GlobalSection(SolutionConfigurationPlatforms) = preSolution
		Debug|Any CPU = Debug|Any CPU
		Release|Any CPU = Release|Any CPU
	EndGlobalSection
	GlobalSection(ProjectConfigurationPlatforms) = postSolution
		{F3B7A593-608D-4C05-A640-96183213DCBC}.Debug|Any CPU.ActiveCfg = Debug|Any CPU
		{F3B7A593-608D-4C05-A640-96183213DCBC}.Debug|Any CPU.Build.0 = Debug|Any CPU
		{F3B7A593-608D-4C05-A640-96183213DCBC}.Release|Any CPU.ActiveCfg = Release|Any CPU
		{F3B7A593-608D-4C05-A640-96183213DCBC}.Release|Any CPU.Build.0 = Release|Any CPU
		{06B5A7F3-DE78-4698-A401-333ABCA92D8C}.Debug|Any CPU.ActiveCfg = Debug|Any CPU
		{06B5A7F3-DE78-4698-A401-333ABCA92D8C}.Debug|Any CPU.Build.0 = Debug|Any CPU
		{06B5A7F3-DE78-4698-A401-333ABCA92D8C}.Release|Any CPU.ActiveCfg = Release|Any CPU
		{06B5A7F3-DE78-4698-A401-333ABCA92D8C}.Release|Any CPU.Build.0 = Release|Any CPU
		{9C22E0D9-0D79-44D3-9C74-05C38BDE546F}.Debug|Any CPU.ActiveCfg = Debug|Any CPU
		{9C22E0D9-0D79-44D3-9C74-05C38BDE546F}.Debug|Any CPU.Build.0 = Debug|Any CPU
		{9C22E0D9-0D79-44D3-9C74-05C38BDE546F}.Release|Any CPU.ActiveCfg = Release|Any CPU
		{9C22E0D9-0D79-44D3-9C74-05C38BDE546F}.Release|Any CPU.Build.0 = Release|Any CPU
		{B283263C-9E5E-4F05-9519-A0B54B742116}.Debug|Any CPU.ActiveCfg = Debug|Any CPU
		{B283263C-9E5E-4F05-9519-A0B54B742116}.Debug|Any CPU.Build.0 = Debug|Any CPU
		{B283263C-9E5E-4F05-9519-A0B54B742116}.Release|Any CPU.ActiveCfg = Release|Any CPU
		{B283263C-9E5E-4F05-9519-A0B54B742116}.Release|Any CPU.Build.0 = Release|Any CPU
	EndGlobalSection
	GlobalSection(SolutionProperties) = preSolution
		HideSolutionNode = FALSE
	EndGlobalSection
	GlobalSection(ExtensibilityGlobals) = postSolution
		SolutionGuid = {0AEBED36-0172-444A-944B-2211E5167EE5}
	EndGlobalSection
EndGlobal
